
Microsoft Visual Studio Solution File, Format Version 12.00
# Visual Studio Version 16
VisualStudioVersion = 16.0.31624.102
MinimumVisualStudioVersion = 10.0.40219.1
Project("{FAE04EC0-301F-11D3-BF4B-00C04F79EFBC}") = "TB181979_Desafio03", "TB181979_Desafio03\TB181979_Desafio03.csproj", "{1DE09409-996E-495D-86CE-3C723273954E}"
EndProject
Project("{FAE04EC0-301F-11D3-BF4B-00C04F79EFBC}") = "TB181979_Desafio03.Tests", "TB181979_Desafio03.Tests\TB181979_Desafio03.Tests.csproj", "{EFE02566-697E-4F57-9FBA-06008B9FC6FB}"
EndProject
Global
	GlobalSection(SolutionConfigurationPlatforms) = preSolution
		Debug|Any CPU = Debug|Any CPU
		Release|Any CPU = Release|Any CPU
	EndGlobalSection
	GlobalSection(ProjectConfigurationPlatforms) = postSolution
		{1DE09409-996E-495D-86CE-3C723273954E}.Debug|Any CPU.ActiveCfg = Debug|Any CPU
		{1DE09409-996E-495D-86CE-3C723273954E}.Debug|Any CPU.Build.0 = Debug|Any CPU
		{1DE09409-996E-495D-86CE-3C723273954E}.Release|Any CPU.ActiveCfg = Release|Any CPU
		{1DE09409-996E-495D-86CE-3C723273954E}.Release|Any CPU.Build.0 = Release|Any CPU
		{EFE02566-697E-4F57-9FBA-06008B9FC6FB}.Debug|Any CPU.ActiveCfg = Debug|Any CPU
		{EFE02566-697E-4F57-9FBA-06008B9FC6FB}.Debug|Any CPU.Build.0 = Debug|Any CPU
		{EFE02566-697E-4F57-9FBA-06008B9FC6FB}.Release|Any CPU.ActiveCfg = Release|Any CPU
		{EFE02566-697E-4F57-9FBA-06008B9FC6FB}.Release|Any CPU.Build.0 = Release|Any CPU
	EndGlobalSection
	GlobalSection(SolutionProperties) = preSolution
		HideSolutionNode = FALSE
	EndGlobalSection
	GlobalSection(ExtensibilityGlobals) = postSolution
		SolutionGuid = {7B72C0E9-64CD-4D7B-91D6-22950A18E21A}
	EndGlobalSection
EndGlobal
